# This file is automatically @generated by Poetry 1.8.5 and should not be changed by hand.

[[package]]
name = "psycopg"
version = "3.2.9"
description = "PostgreSQL database adapter for Python"
optional = false
python-versions = ">=3.8"
files = [
    {file = "psycopg-3.2.9-py3-none-any.whl", hash = "sha256:01a8dadccdaac2123c916208c96e06631641c0566b22005493f09663c7a8d3b6"},
    {file = "psycopg-3.2.9.tar.gz", hash = "sha256:2fbb46fcd17bc81f993f28c47f1ebea38d66ae97cc2dbc3cad73b37cefbff700"},
]

[package.dependencies]
tzdata = {version = "*", markers = "sys_platform == \"win32\""}

[package.extras]
binary = ["psycopg-binary (==3.2.9)"]
c = ["psycopg-c (==3.2.9)"]
dev = ["ast-comments (>=1.1.2)", "black (>=24.1.0)", "codespell (>=2.2)", "dnspython (>=2.1)", "flake8 (>=4.0)", "isort-psycopg", "isort[colors] (>=6.0)", "mypy (>=1.14)", "pre-commit (>=4.0.1)", "types-setuptools (>=57.4)", "types-shapely (>=2.0)", "wheel (>=0.37)"]
docs = ["Sphinx (>=5.0)", "furo (==2022.6.21)", "sphinx-autobuild (>=2021.3.14)", "sphinx-autodoc-typehints (>=1.12)"]
pool = ["psycopg-pool"]
test = ["anyio (>=4.0)", "mypy (>=1.14)", "pproxy (>=2.7)", "pytest (>=6.2.5)", "pytest-cov (>=3.0)", "pytest-randomly (>=3.5)"]

[[package]]
name = "pyqt5-stubs"
version = "5.15.6.0"
description = "PEP561 stub files for the PyQt5 framework"
optional = false
python-versions = ">= 3.5"
files = [
    {file = "PyQt5-stubs-5.15.6.0.tar.gz", hash = "sha256:91270ac23ebf38a1dc04cd97aa852cd08af82dc839100e5395af1447e3e99707"},
    {file = "PyQt5_stubs-5.15.6.0-py3-none-any.whl", hash = "sha256:7fb8177c72489a8911f021b7bd7c33f12c87f6dba92dcef3fdcdb5d9400f0f3f"},
]

[package.extras]
dev = ["mypy (==0.930)", "pytest", "pytest-xvfb"]

[[package]]
name = "qgis-stubs"
version = "0.2.0.post1"
description = "PEP561 type stubs for PyQGIS"
optional = false
python-versions = ">= 3.6"
files = [
    {file = "qgis-stubs-0.2.0.post1.tar.gz", hash = "sha256:96b9e6cb2deda1ad327b81334515ef9d88f9e92344cbf179de554be7b62154c8"},
    {file = "qgis_stubs-0.2.0.post1-py3-none-any.whl", hash = "sha256:77e258342eec6ed6d8088701d490d951be83680a99733fa27a50959a88bedfce"},
]

[package.dependencies]
PyQt5-stubs = ">=5.14"

[[package]]
name = "tzdata"
version = "2025.2"
description = "Provider of IANA time zone data"
optional = false
python-versions = ">=2"
files = [
    {file = "tzdata-2025.2-py2.py3-none-any.whl", hash = "sha256:1a403fada01ff9221ca8044d701868fa132215d84beb92242d9acd2147f667a8"},
    {file = "tzdata-2025.2.tar.gz", hash = "sha256:b60a638fcc0daffadf82fe0f57e53d06bdec2f36c4df66280ae79bce6bd6f2b9"},
]

[metadata]
lock-version = "2.0"
python-versions = "^3.13"
content-hash = "1e5f146c037e5f748997605ea74fc4388e2caa1c56fee9ad1cdbe61f4edacf16"
