# This file is automatically @generated by Poetry 1.8.5 and should not be changed by hand.

[[package]]
name = "pyqt5-stubs"
version = "5.15.6.0"
description = "PEP561 stub files for the PyQt5 framework"
optional = false
python-versions = ">= 3.5"
files = [
    {file = "PyQt5-stubs-5.15.6.0.tar.gz", hash = "sha256:91270ac23ebf38a1dc04cd97aa852cd08af82dc839100e5395af1447e3e99707"},
    {file = "PyQt5_stubs-5.15.6.0-py3-none-any.whl", hash = "sha256:7fb8177c72489a8911f021b7bd7c33f12c87f6dba92dcef3fdcdb5d9400f0f3f"},
]

[package.extras]
dev = ["mypy (==0.930)", "pytest", "pytest-xvfb"]

[[package]]
name = "qgis-stubs"
version = "0.2.0.post1"
description = "PEP561 type stubs for PyQGIS"
optional = false
python-versions = ">= 3.6"
files = [
    {file = "qgis-stubs-0.2.0.post1.tar.gz", hash = "sha256:96b9e6cb2deda1ad327b81334515ef9d88f9e92344cbf179de554be7b62154c8"},
    {file = "qgis_stubs-0.2.0.post1-py3-none-any.whl", hash = "sha256:77e258342eec6ed6d8088701d490d951be83680a99733fa27a50959a88bedfce"},
]

[package.dependencies]
PyQt5-stubs = ">=5.14"

[metadata]
lock-version = "2.0"
python-versions = "^3.13"
content-hash = "9adc2d67589e613a8a93d6c7db2152d92b3e8d525f7509a714fb9e742db2d6df"
